// !$*UTF8*$!
{
	archiveVersion = 1;
	classes = {
	};
	objectVersion = 46;
	objects = {

/* Begin PBXBuildFile section */
		E70757821BFE9E9C0005C736 /* AppDelegate.swift in Sources */ = {isa = PBXBuildFile; fileRef = E70757811BFE9E9C0005C736 /* AppDelegate.swift */; };
		E70757841BFE9E9C0005C736 /* ViewController.swift in Sources */ = {isa = PBXBuildFile; fileRef = E70757831BFE9E9C0005C736 /* ViewController.swift */; };
		E70757871BFE9E9C0005C736 /* Main.storyboard in Resources */ = {isa = PBXBuildFile; fileRef = E70757851BFE9E9C0005C736 /* Main.storyboard */; };
		E70757891BFE9E9C0005C736 /* Images.xcassets in Resources */ = {isa = PBXBuildFile; fileRef = E70757881BFE9E9C0005C736 /* Images.xcassets */; };
		E707578C1BFE9E9C0005C736 /* LaunchScreen.xib in Resources */ = {isa = PBXBuildFile; fileRef = E707578A1BFE9E9C0005C736 /* LaunchScreen.xib */; };
		E70757981BFE9E9C0005C736 /* DemoGCDTests.swift in Sources */ = {isa = PBXBuildFile; fileRef = E70757971BFE9E9C0005C736 /* DemoGCDTests.swift */; };
		E70757A21BFEB3C70005C736 /* Stopwatch.swift in Sources */ = {isa = PBXBuildFile; fileRef = E70757A11BFEB3C70005C736 /* Stopwatch.swift */; };
/* End PBXBuildFile section */

/* Begin PBXContainerItemProxy section */
		E70757921BFE9E9C0005C736 /* PBXContainerItemProxy */ = {
			isa = PBXContainerItemProxy;
			containerPortal = E70757741BFE9E9B0005C736 /* Project object */;
			proxyType = 1;
			remoteGlobalIDString = E707577B1BFE9E9B0005C736;
			remoteInfo = DemoGCD;
		};
/* End PBXContainerItemProxy section */

/* Begin PBXFileReference section */
		E707577C1BFE9E9B0005C736 /* DemoGCD.app */ = {isa = PBXFileReference; explicitFileType = wrapper.application; includeInIndex = 0; path = DemoGCD.app; sourceTree = BUILT_PRODUCTS_DIR; };
		E70757801BFE9E9C0005C736 /* Info.plist */ = {isa = PBXFileReference; lastKnownFileType = text.plist.xml; path = Info.plist; sourceTree = "<group>"; };
		E70757811BFE9E9C0005C736 /* AppDelegate.swift */ = {isa = PBXFileReference; lastKnownFileType = sourcecode.swift; path = AppDelegate.swift; sourceTree = "<group>"; };
		E70757831BFE9E9C0005C736 /* ViewController.swift */ = {isa = PBXFileReference; lastKnownFileType = sourcecode.swift; path = ViewController.swift; sourceTree = "<group>"; };
		E70757861BFE9E9C0005C736 /* Base */ = {isa = PBXFileReference; lastKnownFileType = file.storyboard; name = Base; path = Base.lproj/Main.storyboard; sourceTree = "<group>"; };
		E70757881BFE9E9C0005C736 /* Images.xcassets */ = {isa = PBXFileReference; lastKnownFileType = folder.assetcatalog; path = Images.xcassets; sourceTree = "<group>"; };
		E707578B1BFE9E9C0005C736 /* Base */ = {isa = PBXFileReference; lastKnownFileType = file.xib; name = Base; path = Base.lproj/LaunchScreen.xib; sourceTree = "<group>"; };
		E70757911BFE9E9C0005C736 /* DemoGCDTests.xctest */ = {isa = PBXFileReference; explicitFileType = wrapper.cfbundle; includeInIndex = 0; path = DemoGCDTests.xctest; sourceTree = BUILT_PRODUCTS_DIR; };
		E70757961BFE9E9C0005C736 /* Info.plist */ = {isa = PBXFileReference; lastKnownFileType = text.plist.xml; path = Info.plist; sourceTree = "<group>"; };
		E70757971BFE9E9C0005C736 /* DemoGCDTests.swift */ = {isa = PBXFileReference; lastKnownFileType = sourcecode.swift; path = DemoGCDTests.swift; sourceTree = "<group>"; };
		E70757A11BFEB3C70005C736 /* Stopwatch.swift */ = {isa = PBXFileReference; fileEncoding = 4; lastKnownFileType = sourcecode.swift; path = Stopwatch.swift; sourceTree = "<group>"; };
/* End PBXFileReference section */

/* Begin PBXFrameworksBuildPhase section */
		E70757791BFE9E9B0005C736 /* Frameworks */ = {
			isa = PBXFrameworksBuildPhase;
			buildActionMask = 2147483647;
			files = (
			);
			runOnlyForDeploymentPostprocessing = 0;
		};
		E707578E1BFE9E9C0005C736 /* Frameworks */ = {
			isa = PBXFrameworksBuildPhase;
			buildActionMask = 2147483647;
			files = (
			);
			runOnlyForDeploymentPostprocessing = 0;
		};
/* End PBXFrameworksBuildPhase section */

/* Begin PBXGroup section */
		E70757731BFE9E9B0005C736 = {
			isa = PBXGroup;
			children = (
				E707577E1BFE9E9C0005C736 /* DemoGCD */,
				E70757941BFE9E9C0005C736 /* DemoGCDTests */,
				E707577D1BFE9E9B0005C736 /* Products */,
			);
			sourceTree = "<group>";
		};
		E707577D1BFE9E9B0005C736 /* Products */ = {
			isa = PBXGroup;
			children = (
				E707577C1BFE9E9B0005C736 /* DemoGCD.app */,
				E70757911BFE9E9C0005C736 /* DemoGCDTests.xctest */,
			);
			name = Products;
			sourceTree = "<group>";
		};
		E707577E1BFE9E9C0005C736 /* DemoGCD */ = {
			isa = PBXGroup;
			children = (
				E70757811BFE9E9C0005C736 /* AppDelegate.swift */,
				E70757831BFE9E9C0005C736 /* ViewController.swift */,
				E70757A11BFEB3C70005C736 /* Stopwatch.swift */,
				E70757851BFE9E9C0005C736 /* Main.storyboard */,
				E70757881BFE9E9C0005C736 /* Images.xcassets */,
				E707578A1BFE9E9C0005C736 /* LaunchScreen.xib */,
				E707577F1BFE9E9C0005C736 /* Supporting Files */,
			);
			path = DemoGCD;
			sourceTree = "<group>";
		};
		E707577F1BFE9E9C0005C736 /* Supporting Files */ = {
			isa = PBXGroup;
			children = (
				E70757801BFE9E9C0005C736 /* Info.plist */,
			);
			name = "Supporting Files";
			sourceTree = "<group>";
		};
		E70757941BFE9E9C0005C736 /* DemoGCDTests */ = {
			isa = PBXGroup;
			children = (
				E70757971BFE9E9C0005C736 /* DemoGCDTests.swift */,
				E70757951BFE9E9C0005C736 /* Supporting Files */,
			);
			path = DemoGCDTests;
			sourceTree = "<group>";
		};
		E70757951BFE9E9C0005C736 /* Supporting Files */ = {
			isa = PBXGroup;
			children = (
				E70757961BFE9E9C0005C736 /* Info.plist */,
			);
			name = "Supporting Files";
			sourceTree = "<group>";
		};
/* End PBXGroup section */

/* Begin PBXNativeTarget section */
		E707577B1BFE9E9B0005C736 /* DemoGCD */ = {
			isa = PBXNativeTarget;
			buildConfigurationList = E707579B1BFE9E9C0005C736 /* Build configuration list for PBXNativeTarget "DemoGCD" */;
			buildPhases = (
				E70757781BFE9E9B0005C736 /* Sources */,
				E70757791BFE9E9B0005C736 /* Frameworks */,
				E707577A1BFE9E9B0005C736 /* Resources */,
			);
			buildRules = (
			);
			dependencies = (
			);
			name = DemoGCD;
			productName = DemoGCD;
			productReference = E707577C1BFE9E9B0005C736 /* DemoGCD.app */;
			productType = "com.apple.product-type.application";
		};
		E70757901BFE9E9C0005C736 /* DemoGCDTests */ = {
			isa = PBXNativeTarget;
			buildConfigurationList = E707579E1BFE9E9C0005C736 /* Build configuration list for PBXNativeTarget "DemoGCDTests" */;
			buildPhases = (
				E707578D1BFE9E9C0005C736 /* Sources */,
				E707578E1BFE9E9C0005C736 /* Frameworks */,
				E707578F1BFE9E9C0005C736 /* Resources */,
			);
			buildRules = (
			);
			dependencies = (
				E70757931BFE9E9C0005C736 /* PBXTargetDependency */,
			);
			name = DemoGCDTests;
			productName = DemoGCDTests;
			productReference = E70757911BFE9E9C0005C736 /* DemoGCDTests.xctest */;
			productType = "com.apple.product-type.bundle.unit-test";
		};
/* End PBXNativeTarget section */

/* Begin PBXProject section */
		E70757741BFE9E9B0005C736 /* Project object */ = {
			isa = PBXProject;
			attributes = {
				LastUpgradeCheck = 0640;
				ORGANIZATIONNAME = "Larry Heimann";
				TargetAttributes = {
					E707577B1BFE9E9B0005C736 = {
						CreatedOnToolsVersion = 6.4;
					};
					E70757901BFE9E9C0005C736 = {
						CreatedOnToolsVersion = 6.4;
						TestTargetID = E707577B1BFE9E9B0005C736;
					};
				};
			};
			buildConfigurationList = E70757771BFE9E9B0005C736 /* Build configuration list for PBXProject "DemoGCD" */;
			compatibilityVersion = "Xcode 3.2";
			developmentRegion = English;
			hasScannedForEncodings = 0;
			knownRegions = (
				en,
				Base,
			);
			mainGroup = E70757731BFE9E9B0005C736;
			productRefGroup = E707577D1BFE9E9B0005C736 /* Products */;
			projectDirPath = "";
			projectRoot = "";
			targets = (
				E707577B1BFE9E9B0005C736 /* DemoGCD */,
				E70757901BFE9E9C0005C736 /* DemoGCDTests */,
			);
		};
/* End PBXProject section */

/* Begin PBXResourcesBuildPhase section */
		E707577A1BFE9E9B0005C736 /* Resources */ = {
			isa = PBXResourcesBuildPhase;
			buildActionMask = 2147483647;
			files = (
				E70757871BFE9E9C0005C736 /* Main.storyboard in Resources */,
				E707578C1BFE9E9C0005C736 /* LaunchScreen.xib in Resources */,
				E70757891BFE9E9C0005C736 /* Images.xcassets in Resources */,
			);
			runOnlyForDeploymentPostprocessing = 0;
		};
		E707578F1BFE9E9C0005C736 /* Resources */ = {
			isa = PBXResourcesBuildPhase;
			buildActionMask = 2147483647;
			files = (
			);
			runOnlyForDeploymentPostprocessing = 0;
		};
/* End PBXResourcesBuildPhase section */

/* Begin PBXSourcesBuildPhase section */
		E70757781BFE9E9B0005C736 /* Sources */ = {
			isa = PBXSourcesBuildPhase;
			buildActionMask = 2147483647;
			files = (
				E70757841BFE9E9C0005C736 /* ViewController.swift in Sources */,
				E70757A21BFEB3C70005C736 /* Stopwatch.swift in Sources */,
				E70757821BFE9E9C0005C736 /* AppDelegate.swift in Sources */,
			);
			runOnlyForDeploymentPostprocessing = 0;
		};
		E707578D1BFE9E9C0005C736 /* Sources */ = {
			isa = PBXSourcesBuildPhase;
			buildActionMask = 2147483647;
			files = (
				E70757981BFE9E9C0005C736 /* DemoGCDTests.swift in Sources */,
			);
			runOnlyForDeploymentPostprocessing = 0;
		};
/* End PBXSourcesBuildPhase section */

/* Begin PBXTargetDependency section */
		E70757931BFE9E9C0005C736 /* PBXTargetDependency */ = {
			isa = PBXTargetDependency;
			target = E707577B1BFE9E9B0005C736 /* DemoGCD */;
			targetProxy = E70757921BFE9E9C0005C736 /* PBXContainerItemProxy */;
		};
/* End PBXTargetDependency section */

/* Begin PBXVariantGroup section */
		E70757851BFE9E9C0005C736 /* Main.storyboard */ = {
			isa = PBXVariantGroup;
			children = (
				E70757861BFE9E9C0005C736 /* Base */,
			);
			name = Main.storyboard;
			sourceTree = "<group>";
		};
		E707578A1BFE9E9C0005C736 /* LaunchScreen.xib */ = {
			isa = PBXVariantGroup;
			children = (
				E707578B1BFE9E9C0005C736 /* Base */,
			);
			name = LaunchScreen.xib;
			sourceTree = "<group>";
		};
/* End PBXVariantGroup section */

/* Begin XCBuildConfiguration section */
		E70757991BFE9E9C0005C736 /* Debug */ = {
			isa = XCBuildConfiguration;
			buildSettings = {
				ALWAYS_SEARCH_USER_PATHS = NO;
				CLANG_CXX_LANGUAGE_STANDARD = "gnu++0x";
				CLANG_CXX_LIBRARY = "libc++";
				CLANG_ENABLE_MODULES = YES;
				CLANG_ENABLE_OBJC_ARC = YES;
				CLANG_WARN_BOOL_CONVERSION = YES;
				CLANG_WARN_CONSTANT_CONVERSION = YES;
				CLANG_WARN_DIRECT_OBJC_ISA_USAGE = YES_ERROR;
				CLANG_WARN_EMPTY_BODY = YES;
				CLANG_WARN_ENUM_CONVERSION = YES;
				CLANG_WARN_INT_CONVERSION = YES;
				CLANG_WARN_OBJC_ROOT_CLASS = YES_ERROR;
				CLANG_WARN_UNREACHABLE_CODE = YES;
				CLANG_WARN__DUPLICATE_METHOD_MATCH = YES;
				"CODE_SIGN_IDENTITY[sdk=iphoneos*]" = "iPhone Developer";
				COPY_PHASE_STRIP = NO;
				DEBUG_INFORMATION_FORMAT = "dwarf-with-dsym";
				ENABLE_STRICT_OBJC_MSGSEND = YES;
				GCC_C_LANGUAGE_STANDARD = gnu99;
				GCC_DYNAMIC_NO_PIC = NO;
				GCC_NO_COMMON_BLOCKS = YES;
				GCC_OPTIMIZATION_LEVEL = 0;
				GCC_PREPROCESSOR_DEFINITIONS = (
					"DEBUG=1",
					"$(inherited)",
				);
				GCC_SYMBOLS_PRIVATE_EXTERN = NO;
				GCC_WARN_64_TO_32_BIT_CONVERSION = YES;
				GCC_WARN_ABOUT_RETURN_TYPE = YES_ERROR;
				GCC_WARN_UNDECLARED_SELECTOR = YES;
				GCC_WARN_UNINITIALIZED_AUTOS = YES_AGGRESSIVE;
				GCC_WARN_UNUSED_FUNCTION = YES;
				GCC_WARN_UNUSED_VARIABLE = YES;
				IPHONEOS_DEPLOYMENT_TARGET = 8.4;
				MTL_ENABLE_DEBUG_INFO = YES;
				ONLY_ACTIVE_ARCH = YES;
				SDKROOT = iphoneos;
				SWIFT_OPTIMIZATION_LEVEL = "-Onone";
			};
			name = Debug;
		};
		E707579A1BFE9E9C0005C736 /* Release */ = {
			isa = XCBuildConfiguration;
			buildSettings = {
				ALWAYS_SEARCH_USER_PATHS = NO;
				CLANG_CXX_LANGUAGE_STANDARD = "gnu++0x";
				CLANG_CXX_LIBRARY = "libc++";
				CLANG_ENABLE_MODULES = YES;
				CLANG_ENABLE_OBJC_ARC = YES;
				CLANG_WARN_BOOL_CONVERSION = YES;
				CLANG_WARN_CONSTANT_CONVERSION = YES;
				CLANG_WARN_DIRECT_OBJC_ISA_USAGE = YES_ERROR;
				CLANG_WARN_EMPTY_BODY = YES;
				CLANG_WARN_ENUM_CONVERSION = YES;
				CLANG_WARN_INT_CONVERSION = YES;
				CLANG_WARN_OBJC_ROOT_CLASS = YES_ERROR;
				CLANG_WARN_UNREACHABLE_CODE = YES;
				CLANG_WARN__DUPLICATE_METHOD_MATCH = YES;
				"CODE_SIGN_IDENTITY[sdk=iphoneos*]" = "iPhone Developer";
				COPY_PHASE_STRIP = NO;
				DEBUG_INFORMATION_FORMAT = "dwarf-with-dsym";
				ENABLE_NS_ASSERTIONS = NO;
				ENABLE_STRICT_OBJC_MSGSEND = YES;
				GCC_C_LANGUAGE_STANDARD = gnu99;
				GCC_NO_COMMON_BLOCKS = YES;
				GCC_WARN_64_TO_32_BIT_CONVERSION = YES;
				GCC_WARN_ABOUT_RETURN_TYPE = YES_ERROR;
				GCC_WARN_UNDECLARED_SELECTOR = YES;
				GCC_WARN_UNINITIALIZED_AUTOS = YES_AGGRESSIVE;
				GCC_WARN_UNUSED_FUNCTION = YES;
				GCC_WARN_UNUSED_VARIABLE = YES;
				IPHONEOS_DEPLOYMENT_TARGET = 8.4;
				MTL_ENABLE_DEBUG_INFO = NO;
				SDKROOT = iphoneos;
				VALIDATE_PRODUCT = YES;
			};
			name = Release;
		};
		E707579C1BFE9E9C0005C736 /* Debug */ = {
			isa = XCBuildConfiguration;
			buildSettings = {
				ASSETCATALOG_COMPILER_APPICON_NAME = AppIcon;
				INFOPLIST_FILE = DemoGCD/Info.plist;
				LD_RUNPATH_SEARCH_PATHS = "$(inherited) @executable_path/Frameworks";
				PRODUCT_NAME = "$(TARGET_NAME)";
			};
			name = Debug;
		};
		E707579D1BFE9E9C0005C736 /* Release */ = {
			isa = XCBuildConfiguration;
			buildSettings = {
				ASSETCATALOG_COMPILER_APPICON_NAME = AppIcon;
				INFOPLIST_FILE = DemoGCD/Info.plist;
				LD_RUNPATH_SEARCH_PATHS = "$(inherited) @executable_path/Frameworks";
				PRODUCT_NAME = "$(TARGET_NAME)";
			};
			name = Release;
		};
		E707579F1BFE9E9C0005C736 /* Debug */ = {
			isa = XCBuildConfiguration;
			buildSettings = {
				BUNDLE_LOADER = "$(TEST_HOST)";
				FRAMEWORK_SEARCH_PATHS = (
					"$(SDKROOT)/Developer/Library/Frameworks",
					"$(inherited)",
				);
				GCC_PREPROCESSOR_DEFINITIONS = (
					"DEBUG=1",
					"$(inherited)",
				);
				INFOPLIST_FILE = DemoGCDTests/Info.plist;
				LD_RUNPATH_SEARCH_PATHS = "$(inherited) @executable_path/Frameworks @loader_path/Frameworks";
				PRODUCT_NAME = "$(TARGET_NAME)";
				TEST_HOST = "$(BUILT_PRODUCTS_DIR)/DemoGCD.app/DemoGCD";
			};
			name = Debug;
		};
		E70757A01BFE9E9C0005C736 /* Release */ = {
			isa = XCBuildConfiguration;
			buildSettings = {
				BUNDLE_LOADER = "$(TEST_HOST)";
				FRAMEWORK_SEARCH_PATHS = (
					"$(SDKROOT)/Developer/Library/Frameworks",
					"$(inherited)",
				);
				INFOPLIST_FILE = DemoGCDTests/Info.plist;
				LD_RUNPATH_SEARCH_PATHS = "$(inherited) @executable_path/Frameworks @loader_path/Frameworks";
				PRODUCT_NAME = "$(TARGET_NAME)";
				TEST_HOST = "$(BUILT_PRODUCTS_DIR)/DemoGCD.app/DemoGCD";
			};
			name = Release;
		};
/* End XCBuildConfiguration section */

/* Begin XCConfigurationList section */
		E70757771BFE9E9B0005C736 /* Build configuration list for PBXProject "DemoGCD" */ = {
			isa = XCConfigurationList;
			buildConfigurations = (
				E70757991BFE9E9C0005C736 /* Debug */,
				E707579A1BFE9E9C0005C736 /* Release */,
			);
			defaultConfigurationIsVisible = 0;
			defaultConfigurationName = Release;
		};
		E707579B1BFE9E9C0005C736 /* Build configuration list for PBXNativeTarget "DemoGCD" */ = {
			isa = XCConfigurationList;
			buildConfigurations = (
				E707579C1BFE9E9C0005C736 /* Debug */,
				E707579D1BFE9E9C0005C736 /* Release */,
			);
			defaultConfigurationIsVisible = 0;
		};
		E707579E1BFE9E9C0005C736 /* Build configuration list for PBXNativeTarget "DemoGCDTests" */ = {
			isa = XCConfigurationList;
			buildConfigurations = (
				E707579F1BFE9E9C0005C736 /* Debug */,
				E70757A01BFE9E9C0005C736 /* Release */,
			);
			defaultConfigurationIsVisible = 0;
		};
/* End XCConfigurationList section */
	};
	rootObject = E70757741BFE9E9B0005C736 /* Project object */;
}
